# THIS IS AN AUTOGENERATED FILE. DO NOT EDIT THIS FILE DIRECTLY.
# yarn lockfile v1


get-stdin@^7.0.0:
  version "7.0.0"
  resolved "https://registry.yarnpkg.com/get-stdin/-/get-stdin-7.0.0.tgz#8d5de98f15171a125c5e516643c7a6d0ea8a96f6"
  integrity sha512-zRKcywvrXlXsA0v0i9Io4KDRaAw7+a1ZpjRwl9Wox8PFlVCCHra7E9c4kqXCoCM9nR5tBkaTTZRBoCm60bFqTQ==

parse-diff@^0.6.0:
  version "0.6.0"
  resolved "https://registry.yarnpkg.com/parse-diff/-/parse-diff-0.6.0.tgz#baacd256351b744031e27e445898e0854c3dff5b"
  integrity sha512-mBWyN71+ZbwTwqWpwxkOIy2qEi5mT3EGMeFGLqAtDqj6t1zlLyIkPkEwROSQ7ZdTuvaebFURAMKEZH9fOg4f1Q==
